
Microsoft Visual Studio Solution File, Format Version 12.00
# Visual Studio Version 17
VisualStudioVersion = 17.4.33122.133
MinimumVisualStudioVersion = 10.0.40219.1
Project("{FAE04EC0-301F-11D3-BF4B-00C04F79EFBC}") = "producer-kafka", "producer-kafka\producer-kafka.csproj", "{61442BC2-9FC1-454E-8A4A-C9856E09A8E1}"
EndProject
Global
	GlobalSection(SolutionConfigurationPlatforms) = preSolution
		Debug|Any CPU = Debug|Any CPU
		Release|Any CPU = Release|Any CPU
	EndGlobalSection
	GlobalSection(ProjectConfigurationPlatforms) = postSolution
		{61442BC2-9FC1-454E-8A4A-C9856E09A8E1}.Debug|Any CPU.ActiveCfg = Debug|Any CPU
		{61442BC2-9FC1-454E-8A4A-C9856E09A8E1}.Debug|Any CPU.Build.0 = Debug|Any CPU
		{61442BC2-9FC1-454E-8A4A-C9856E09A8E1}.Release|Any CPU.ActiveCfg = Release|Any CPU
		{61442BC2-9FC1-454E-8A4A-C9856E09A8E1}.Release|Any CPU.Build.0 = Release|Any CPU
	EndGlobalSection
	GlobalSection(SolutionProperties) = preSolution
		HideSolutionNode = FALSE
	EndGlobalSection
	GlobalSection(ExtensibilityGlobals) = postSolution
		SolutionGuid = {AC735714-BADD-48D7-9E5A-BE43581CEEAD}
	EndGlobalSection
EndGlobal
